// !$*UTF8*$!
{
	archiveVersion = 1;
	classes = {
	};
	objectVersion = 50;
	objects = {

/* Begin PBXBuildFile section */
		E03BE291247F4D3800A0B96E /* SendTextTableViewController.swift in Sources */ = {isa = PBXBuildFile; fileRef = E03BE290247F4D3800A0B96E /* SendTextTableViewController.swift */; };
		E03CE9172476FDFB00835E76 /* AppDelegate.swift in Sources */ = {isa = PBXBuildFile; fileRef = E03CE9162476FDFB00835E76 /* AppDelegate.swift */; };
		E03CE9192476FDFB00835E76 /* SceneDelegate.swift in Sources */ = {isa = PBXBuildFile; fileRef = E03CE9182476FDFB00835E76 /* SceneDelegate.swift */; };
		E03CE91E2476FDFB00835E76 /* Main.storyboard in Resources */ = {isa = PBXBuildFile; fileRef = E03CE91C2476FDFB00835E76 /* Main.storyboard */; };
		E03CE9212476FDFB00835E76 /* TextResponseApp.xcdatamodeld in Sources */ = {isa = PBXBuildFile; fileRef = E03CE91F2476FDFB00835E76 /* TextResponseApp.xcdatamodeld */; };
		E03CE9232476FDFF00835E76 /* Assets.xcassets in Resources */ = {isa = PBXBuildFile; fileRef = E03CE9222476FDFF00835E76 /* Assets.xcassets */; };
		E03CE9262476FDFF00835E76 /* LaunchScreen.storyboard in Resources */ = {isa = PBXBuildFile; fileRef = E03CE9242476FDFF00835E76 /* LaunchScreen.storyboard */; };
		E03CE92E2477001800835E76 /* ContactsTableViewController.swift in Sources */ = {isa = PBXBuildFile; fileRef = E03CE92D2477001800835E76 /* ContactsTableViewController.swift */; };
		E03CE9302477007000835E76 /* Contact.swift in Sources */ = {isa = PBXBuildFile; fileRef = E03CE92F2477007000835E76 /* Contact.swift */; };
		E04F47D12480363A005A5C7C /* AddNewTextViewController.swift in Sources */ = {isa = PBXBuildFile; fileRef = E04F47D02480363A005A5C7C /* AddNewTextViewController.swift */; };
		E0D22E462478BBCB0018A2D0 /* AddNewContactViewController.swift in Sources */ = {isa = PBXBuildFile; fileRef = E0D22E452478BBCB0018A2D0 /* AddNewContactViewController.swift */; };
/* End PBXBuildFile section */

/* Begin PBXFileReference section */
		E03BE290247F4D3800A0B96E /* SendTextTableViewController.swift */ = {isa = PBXFileReference; lastKnownFileType = sourcecode.swift; path = SendTextTableViewController.swift; sourceTree = "<group>"; };
		E03CE9132476FDFB00835E76 /* TextResponseApp.app */ = {isa = PBXFileReference; explicitFileType = wrapper.application; includeInIndex = 0; path = TextResponseApp.app; sourceTree = BUILT_PRODUCTS_DIR; };
		E03CE9162476FDFB00835E76 /* AppDelegate.swift */ = {isa = PBXFileReference; lastKnownFileType = sourcecode.swift; path = AppDelegate.swift; sourceTree = "<group>"; };
		E03CE9182476FDFB00835E76 /* SceneDelegate.swift */ = {isa = PBXFileReference; lastKnownFileType = sourcecode.swift; path = SceneDelegate.swift; sourceTree = "<group>"; };
		E03CE91D2476FDFB00835E76 /* Base */ = {isa = PBXFileReference; lastKnownFileType = file.storyboard; name = Base; path = Base.lproj/Main.storyboard; sourceTree = "<group>"; };
		E03CE9202476FDFB00835E76 /* TextResponseApp.xcdatamodel */ = {isa = PBXFileReference; lastKnownFileType = wrapper.xcdatamodel; path = TextResponseApp.xcdatamodel; sourceTree = "<group>"; };
		E03CE9222476FDFF00835E76 /* Assets.xcassets */ = {isa = PBXFileReference; lastKnownFileType = folder.assetcatalog; path = Assets.xcassets; sourceTree = "<group>"; };
		E03CE9252476FDFF00835E76 /* Base */ = {isa = PBXFileReference; lastKnownFileType = file.storyboard; name = Base; path = Base.lproj/LaunchScreen.storyboard; sourceTree = "<group>"; };
		E03CE9272476FDFF00835E76 /* Info.plist */ = {isa = PBXFileReference; lastKnownFileType = text.plist.xml; path = Info.plist; sourceTree = "<group>"; };
		E03CE92D2477001800835E76 /* ContactsTableViewController.swift */ = {isa = PBXFileReference; lastKnownFileType = sourcecode.swift; path = ContactsTableViewController.swift; sourceTree = "<group>"; };
		E03CE92F2477007000835E76 /* Contact.swift */ = {isa = PBXFileReference; lastKnownFileType = sourcecode.swift; path = Contact.swift; sourceTree = "<group>"; };
		E04F47D02480363A005A5C7C /* AddNewTextViewController.swift */ = {isa = PBXFileReference; lastKnownFileType = sourcecode.swift; path = AddNewTextViewController.swift; sourceTree = "<group>"; };
		E0D22E452478BBCB0018A2D0 /* AddNewContactViewController.swift */ = {isa = PBXFileReference; lastKnownFileType = sourcecode.swift; path = AddNewContactViewController.swift; sourceTree = "<group>"; };
/* End PBXFileReference section */

/* Begin PBXFrameworksBuildPhase section */
		E03CE9102476FDFB00835E76 /* Frameworks */ = {
			isa = PBXFrameworksBuildPhase;
			buildActionMask = 2147483647;
			files = (
			);
			runOnlyForDeploymentPostprocessing = 0;
		};
/* End PBXFrameworksBuildPhase section */

/* Begin PBXGroup section */
		E03CE90A2476FDFB00835E76 = {
			isa = PBXGroup;
			children = (
				E03CE9152476FDFB00835E76 /* TextResponseApp */,
				E03CE9142476FDFB00835E76 /* Products */,
			);
			sourceTree = "<group>";
		};
		E03CE9142476FDFB00835E76 /* Products */ = {
			isa = PBXGroup;
			children = (
				E03CE9132476FDFB00835E76 /* TextResponseApp.app */,
			);
			name = Products;
			sourceTree = "<group>";
		};
		E03CE9152476FDFB00835E76 /* TextResponseApp */ = {
			isa = PBXGroup;
			children = (
				E03CE9162476FDFB00835E76 /* AppDelegate.swift */,
				E03CE9182476FDFB00835E76 /* SceneDelegate.swift */,
				E03CE91C2476FDFB00835E76 /* Main.storyboard */,
				E03CE92F2477007000835E76 /* Contact.swift */,
				E04F47D02480363A005A5C7C /* AddNewTextViewController.swift */,
				E03BE290247F4D3800A0B96E /* SendTextTableViewController.swift */,
				E03CE92D2477001800835E76 /* ContactsTableViewController.swift */,
				E0D22E452478BBCB0018A2D0 /* AddNewContactViewController.swift */,
				E03CE9222476FDFF00835E76 /* Assets.xcassets */,
				E03CE9242476FDFF00835E76 /* LaunchScreen.storyboard */,
				E03CE9272476FDFF00835E76 /* Info.plist */,
				E03CE91F2476FDFB00835E76 /* TextResponseApp.xcdatamodeld */,
			);
			path = TextResponseApp;
			sourceTree = "<group>";
		};
/* End PBXGroup section */

/* Begin PBXNativeTarget section */
		E03CE9122476FDFB00835E76 /* TextResponseApp */ = {
			isa = PBXNativeTarget;
			buildConfigurationList = E03CE92A2476FDFF00835E76 /* Build configuration list for PBXNativeTarget "TextResponseApp" */;
			buildPhases = (
				E03CE90F2476FDFB00835E76 /* Sources */,
				E03CE9102476FDFB00835E76 /* Frameworks */,
				E03CE9112476FDFB00835E76 /* Resources */,
			);
			buildRules = (
			);
			dependencies = (
			);
			name = TextResponseApp;
			productName = TextResponseApp;
			productReference = E03CE9132476FDFB00835E76 /* TextResponseApp.app */;
			productType = "com.apple.product-type.application";
		};
/* End PBXNativeTarget section */

/* Begin PBXProject section */
		E03CE90B2476FDFB00835E76 /* Project object */ = {
			isa = PBXProject;
			attributes = {
				LastSwiftUpdateCheck = 1130;
				LastUpgradeCheck = 1130;
				ORGANIZATIONNAME = "Matthew Wecht";
				TargetAttributes = {
					E03CE9122476FDFB00835E76 = {
						CreatedOnToolsVersion = 11.3.1;
					};
				};
			};
			buildConfigurationList = E03CE90E2476FDFB00835E76 /* Build configuration list for PBXProject "TextResponseApp" */;
			compatibilityVersion = "Xcode 9.3";
			developmentRegion = en;
			hasScannedForEncodings = 0;
			knownRegions = (
				en,
				Base,
			);
			mainGroup = E03CE90A2476FDFB00835E76;
			productRefGroup = E03CE9142476FDFB00835E76 /* Products */;
			projectDirPath = "";
			projectRoot = "";
			targets = (
				E03CE9122476FDFB00835E76 /* TextResponseApp */,
			);
		};
/* End PBXProject section */

/* Begin PBXResourcesBuildPhase section */
		E03CE9112476FDFB00835E76 /* Resources */ = {
			isa = PBXResourcesBuildPhase;
			buildActionMask = 2147483647;
			files = (
				E03CE9262476FDFF00835E76 /* LaunchScreen.storyboard in Resources */,
				E03CE9232476FDFF00835E76 /* Assets.xcassets in Resources */,
				E03CE91E2476FDFB00835E76 /* Main.storyboard in Resources */,
			);
			runOnlyForDeploymentPostprocessing = 0;
		};
/* End PBXResourcesBuildPhase section */

/* Begin PBXSourcesBuildPhase section */
		E03CE90F2476FDFB00835E76 /* Sources */ = {
			isa = PBXSourcesBuildPhase;
			buildActionMask = 2147483647;
			files = (
				E04F47D12480363A005A5C7C /* AddNewTextViewController.swift in Sources */,
				E0D22E462478BBCB0018A2D0 /* AddNewContactViewController.swift in Sources */,
				E03CE9212476FDFB00835E76 /* TextResponseApp.xcdatamodeld in Sources */,
				E03CE9172476FDFB00835E76 /* AppDelegate.swift in Sources */,
				E03BE291247F4D3800A0B96E /* SendTextTableViewController.swift in Sources */,
				E03CE9302477007000835E76 /* Contact.swift in Sources */,
				E03CE92E2477001800835E76 /* ContactsTableViewController.swift in Sources */,
				E03CE9192476FDFB00835E76 /* SceneDelegate.swift in Sources */,
			);
			runOnlyForDeploymentPostprocessing = 0;
		};
/* End PBXSourcesBuildPhase section */

/* Begin PBXVariantGroup section */
		E03CE91C2476FDFB00835E76 /* Main.storyboard */ = {
			isa = PBXVariantGroup;
			children = (
				E03CE91D2476FDFB00835E76 /* Base */,
			);
			name = Main.storyboard;
			sourceTree = "<group>";
		};
		E03CE9242476FDFF00835E76 /* LaunchScreen.storyboard */ = {
			isa = PBXVariantGroup;
			children = (
				E03CE9252476FDFF00835E76 /* Base */,
			);
			name = LaunchScreen.storyboard;
			sourceTree = "<group>";
		};
/* End PBXVariantGroup section */

/* Begin XCBuildConfiguration section */
		E03CE9282476FDFF00835E76 /* Debug */ = {
			isa = XCBuildConfiguration;
			buildSettings = {
				ALWAYS_SEARCH_USER_PATHS = NO;
				CLANG_ANALYZER_NONNULL = YES;
				CLANG_ANALYZER_NUMBER_OBJECT_CONVERSION = YES_AGGRESSIVE;
				CLANG_CXX_LANGUAGE_STANDARD = "gnu++14";
				CLANG_CXX_LIBRARY = "libc++";
				CLANG_ENABLE_MODULES = YES;
				CLANG_ENABLE_OBJC_ARC = YES;
				CLANG_ENABLE_OBJC_WEAK = YES;
				CLANG_WARN_BLOCK_CAPTURE_AUTORELEASING = YES;
				CLANG_WARN_BOOL_CONVERSION = YES;
				CLANG_WARN_COMMA = YES;
				CLANG_WARN_CONSTANT_CONVERSION = YES;
				CLANG_WARN_DEPRECATED_OBJC_IMPLEMENTATIONS = YES;
				CLANG_WARN_DIRECT_OBJC_ISA_USAGE = YES_ERROR;
				CLANG_WARN_DOCUMENTATION_COMMENTS = YES;
				CLANG_WARN_EMPTY_BODY = YES;
				CLANG_WARN_ENUM_CONVERSION = YES;
				CLANG_WARN_INFINITE_RECURSION = YES;
				CLANG_WARN_INT_CONVERSION = YES;
				CLANG_WARN_NON_LITERAL_NULL_CONVERSION = YES;
				CLANG_WARN_OBJC_IMPLICIT_RETAIN_SELF = YES;
				CLANG_WARN_OBJC_LITERAL_CONVERSION = YES;
				CLANG_WARN_OBJC_ROOT_CLASS = YES_ERROR;
				CLANG_WARN_RANGE_LOOP_ANALYSIS = YES;
				CLANG_WARN_STRICT_PROTOTYPES = YES;
				CLANG_WARN_SUSPICIOUS_MOVE = YES;
				CLANG_WARN_UNGUARDED_AVAILABILITY = YES_AGGRESSIVE;
				CLANG_WARN_UNREACHABLE_CODE = YES;
				CLANG_WARN__DUPLICATE_METHOD_MATCH = YES;
				COPY_PHASE_STRIP = NO;
				DEBUG_INFORMATION_FORMAT = dwarf;
				ENABLE_STRICT_OBJC_MSGSEND = YES;
				ENABLE_TESTABILITY = YES;
				GCC_C_LANGUAGE_STANDARD = gnu11;
				GCC_DYNAMIC_NO_PIC = NO;
				GCC_NO_COMMON_BLOCKS = YES;
				GCC_OPTIMIZATION_LEVEL = 0;
				GCC_PREPROCESSOR_DEFINITIONS = (
					"DEBUG=1",
					"$(inherited)",
				);
				GCC_WARN_64_TO_32_BIT_CONVERSION = YES;
				GCC_WARN_ABOUT_RETURN_TYPE = YES_ERROR;
				GCC_WARN_UNDECLARED_SELECTOR = YES;
				GCC_WARN_UNINITIALIZED_AUTOS = YES_AGGRESSIVE;
				GCC_WARN_UNUSED_FUNCTION = YES;
				GCC_WARN_UNUSED_VARIABLE = YES;
				IPHONEOS_DEPLOYMENT_TARGET = 13.2;
				MTL_ENABLE_DEBUG_INFO = INCLUDE_SOURCE;
				MTL_FAST_MATH = YES;
				ONLY_ACTIVE_ARCH = YES;
				SDKROOT = iphoneos;
				SWIFT_ACTIVE_COMPILATION_CONDITIONS = DEBUG;
				SWIFT_OPTIMIZATION_LEVEL = "-Onone";
			};
			name = Debug;
		};
		E03CE9292476FDFF00835E76 /* Release */ = {
			isa = XCBuildConfiguration;
			buildSettings = {
				ALWAYS_SEARCH_USER_PATHS = NO;
				CLANG_ANALYZER_NONNULL = YES;
				CLANG_ANALYZER_NUMBER_OBJECT_CONVERSION = YES_AGGRESSIVE;
				CLANG_CXX_LANGUAGE_STANDARD = "gnu++14";
				CLANG_CXX_LIBRARY = "libc++";
				CLANG_ENABLE_MODULES = YES;
				CLANG_ENABLE_OBJC_ARC = YES;
				CLANG_ENABLE_OBJC_WEAK = YES;
				CLANG_WARN_BLOCK_CAPTURE_AUTORELEASING = YES;
				CLANG_WARN_BOOL_CONVERSION = YES;
				CLANG_WARN_COMMA = YES;
				CLANG_WARN_CONSTANT_CONVERSION = YES;
				CLANG_WARN_DEPRECATED_OBJC_IMPLEMENTATIONS = YES;
				CLANG_WARN_DIRECT_OBJC_ISA_USAGE = YES_ERROR;
				CLANG_WARN_DOCUMENTATION_COMMENTS = YES;
				CLANG_WARN_EMPTY_BODY = YES;
				CLANG_WARN_ENUM_CONVERSION = YES;
				CLANG_WARN_INFINITE_RECURSION = YES;
				CLANG_WARN_INT_CONVERSION = YES;
				CLANG_WARN_NON_LITERAL_NULL_CONVERSION = YES;
				CLANG_WARN_OBJC_IMPLICIT_RETAIN_SELF = YES;
				CLANG_WARN_OBJC_LITERAL_CONVERSION = YES;
				CLANG_WARN_OBJC_ROOT_CLASS = YES_ERROR;
				CLANG_WARN_RANGE_LOOP_ANALYSIS = YES;
				CLANG_WARN_STRICT_PROTOTYPES = YES;
				CLANG_WARN_SUSPICIOUS_MOVE = YES;
				CLANG_WARN_UNGUARDED_AVAILABILITY = YES_AGGRESSIVE;
				CLANG_WARN_UNREACHABLE_CODE = YES;
				CLANG_WARN__DUPLICATE_METHOD_MATCH = YES;
				COPY_PHASE_STRIP = NO;
				DEBUG_INFORMATION_FORMAT = "dwarf-with-dsym";
				ENABLE_NS_ASSERTIONS = NO;
				ENABLE_STRICT_OBJC_MSGSEND = YES;
				GCC_C_LANGUAGE_STANDARD = gnu11;
				GCC_NO_COMMON_BLOCKS = YES;
				GCC_WARN_64_TO_32_BIT_CONVERSION = YES;
				GCC_WARN_ABOUT_RETURN_TYPE = YES_ERROR;
				GCC_WARN_UNDECLARED_SELECTOR = YES;
				GCC_WARN_UNINITIALIZED_AUTOS = YES_AGGRESSIVE;
				GCC_WARN_UNUSED_FUNCTION = YES;
				GCC_WARN_UNUSED_VARIABLE = YES;
				IPHONEOS_DEPLOYMENT_TARGET = 13.2;
				MTL_ENABLE_DEBUG_INFO = NO;
				MTL_FAST_MATH = YES;
				SDKROOT = iphoneos;
				SWIFT_COMPILATION_MODE = wholemodule;
				SWIFT_OPTIMIZATION_LEVEL = "-O";
				VALIDATE_PRODUCT = YES;
			};
			name = Release;
		};
		E03CE92B2476FDFF00835E76 /* Debug */ = {
			isa = XCBuildConfiguration;
			buildSettings = {
				ASSETCATALOG_COMPILER_APPICON_NAME = AppIcon;
				CODE_SIGN_STYLE = Automatic;
				DEVELOPMENT_TEAM = 7VG386N7ZY;
				INFOPLIST_FILE = TextResponseApp/Info.plist;
				LD_RUNPATH_SEARCH_PATHS = (
					"$(inherited)",
					"@executable_path/Frameworks",
				);
				PRODUCT_BUNDLE_IDENTIFIER = wecht.TextResponseApp;
				PRODUCT_NAME = "$(TARGET_NAME)";
				SWIFT_VERSION = 5.0;
				TARGETED_DEVICE_FAMILY = "1,2";
			};
			name = Debug;
		};
		E03CE92C2476FDFF00835E76 /* Release */ = {
			isa = XCBuildConfiguration;
			buildSettings = {
				ASSETCATALOG_COMPILER_APPICON_NAME = AppIcon;
				CODE_SIGN_STYLE = Automatic;
				DEVELOPMENT_TEAM = 7VG386N7ZY;
				INFOPLIST_FILE = TextResponseApp/Info.plist;
				LD_RUNPATH_SEARCH_PATHS = (
					"$(inherited)",
					"@executable_path/Frameworks",
				);
				PRODUCT_BUNDLE_IDENTIFIER = wecht.TextResponseApp;
				PRODUCT_NAME = "$(TARGET_NAME)";
				SWIFT_VERSION = 5.0;
				TARGETED_DEVICE_FAMILY = "1,2";
			};
			name = Release;
		};
/* End XCBuildConfiguration section */

/* Begin XCConfigurationList section */
		E03CE90E2476FDFB00835E76 /* Build configuration list for PBXProject "TextResponseApp" */ = {
			isa = XCConfigurationList;
			buildConfigurations = (
				E03CE9282476FDFF00835E76 /* Debug */,
				E03CE9292476FDFF00835E76 /* Release */,
			);
			defaultConfigurationIsVisible = 0;
			defaultConfigurationName = Release;
		};
		E03CE92A2476FDFF00835E76 /* Build configuration list for PBXNativeTarget "TextResponseApp" */ = {
			isa = XCConfigurationList;
			buildConfigurations = (
				E03CE92B2476FDFF00835E76 /* Debug */,
				E03CE92C2476FDFF00835E76 /* Release */,
			);
			defaultConfigurationIsVisible = 0;
			defaultConfigurationName = Release;
		};
/* End XCConfigurationList section */

/* Begin XCVersionGroup section */
		E03CE91F2476FDFB00835E76 /* TextResponseApp.xcdatamodeld */ = {
			isa = XCVersionGroup;
			children = (
				E03CE9202476FDFB00835E76 /* TextResponseApp.xcdatamodel */,
			);
			currentVersion = E03CE9202476FDFB00835E76 /* TextResponseApp.xcdatamodel */;
			path = TextResponseApp.xcdatamodeld;
			sourceTree = "<group>";
			versionGroupType = wrapper.xcdatamodel;
		};
/* End XCVersionGroup section */
	};
	rootObject = E03CE90B2476FDFB00835E76 /* Project object */;
}
